
Microsoft Visual Studio Solution File, Format Version 12.00
# Visual Studio Version 17
VisualStudioVersion = 17.8.34330.188
MinimumVisualStudioVersion = 10.0.40219.1
Project("{8BC9CEB8-8B4A-11D0-8D11-00A0C91BC942}") = "Recapitulare Sesiune 1", "Recapitulare Sesiune 1\Recapitulare Sesiune 1.vcxproj", "{30D4B565-A0BD-4CD7-B377-5ED97FFEB918}"
EndProject
Global
	GlobalSection(SolutionConfigurationPlatforms) = preSolution
		Debug|x64 = Debug|x64
		Debug|x86 = Debug|x86
		Release|x64 = Release|x64
		Release|x86 = Release|x86
	EndGlobalSection
	GlobalSection(ProjectConfigurationPlatforms) = postSolution
		{30D4B565-A0BD-4CD7-B377-5ED97FFEB918}.Debug|x64.ActiveCfg = Debug|x64
		{30D4B565-A0BD-4CD7-B377-5ED97FFEB918}.Debug|x64.Build.0 = Debug|x64
		{30D4B565-A0BD-4CD7-B377-5ED97FFEB918}.Debug|x86.ActiveCfg = Debug|Win32
		{30D4B565-A0BD-4CD7-B377-5ED97FFEB918}.Debug|x86.Build.0 = Debug|Win32
		{30D4B565-A0BD-4CD7-B377-5ED97FFEB918}.Release|x64.ActiveCfg = Release|x64
		{30D4B565-A0BD-4CD7-B377-5ED97FFEB918}.Release|x64.Build.0 = Release|x64
		{30D4B565-A0BD-4CD7-B377-5ED97FFEB918}.Release|x86.ActiveCfg = Release|Win32
		{30D4B565-A0BD-4CD7-B377-5ED97FFEB918}.Release|x86.Build.0 = Release|Win32
	EndGlobalSection
	GlobalSection(SolutionProperties) = preSolution
		HideSolutionNode = FALSE
	EndGlobalSection
	GlobalSection(ExtensibilityGlobals) = postSolution
		SolutionGuid = {EBC9E3DE-20B6-4672-B790-4A5450862349}
	EndGlobalSection
EndGlobal
